
Microsoft Visual Studio Solution File, Format Version 12.00
# Visual Studio Version 17
VisualStudioVersion = 17.5.33530.505
MinimumVisualStudioVersion = 10.0.40219.1
Project("{8BC9CEB8-8B4A-11D0-8D11-00A0C91BC942}") = "kouki3-2", "kouki3-2\kouki3-2.vcxproj", "{23A9072F-1AA0-431A-BFAB-81B3FF054DA3}"
EndProject
Global
	GlobalSection(SolutionConfigurationPlatforms) = preSolution
		Debug|x64 = Debug|x64
		Debug|x86 = Debug|x86
		Release|x64 = Release|x64
		Release|x86 = Release|x86
	EndGlobalSection
	GlobalSection(ProjectConfigurationPlatforms) = postSolution
		{23A9072F-1AA0-431A-BFAB-81B3FF054DA3}.Debug|x64.ActiveCfg = Debug|x64
		{23A9072F-1AA0-431A-BFAB-81B3FF054DA3}.Debug|x64.Build.0 = Debug|x64
		{23A9072F-1AA0-431A-BFAB-81B3FF054DA3}.Debug|x86.ActiveCfg = Debug|Win32
		{23A9072F-1AA0-431A-BFAB-81B3FF054DA3}.Debug|x86.Build.0 = Debug|Win32
		{23A9072F-1AA0-431A-BFAB-81B3FF054DA3}.Release|x64.ActiveCfg = Release|x64
		{23A9072F-1AA0-431A-BFAB-81B3FF054DA3}.Release|x64.Build.0 = Release|x64
		{23A9072F-1AA0-431A-BFAB-81B3FF054DA3}.Release|x86.ActiveCfg = Release|Win32
		{23A9072F-1AA0-431A-BFAB-81B3FF054DA3}.Release|x86.Build.0 = Release|Win32
	EndGlobalSection
	GlobalSection(SolutionProperties) = preSolution
		HideSolutionNode = FALSE
	EndGlobalSection
	GlobalSection(ExtensibilityGlobals) = postSolution
		SolutionGuid = {92FFA080-681B-46D1-8540-BD676CDD683C}
	EndGlobalSection
EndGlobal
